
Microsoft Visual Studio Solution File, Format Version 12.00
# Visual Studio Version 17
VisualStudioVersion = 17.0.31903.59
MinimumVisualStudioVersion = 10.0.40219.1
Project("{FAE04EC0-301F-11D3-BF4B-00C04F79EFBC}") = "LINQPad-Interactive.Convert.Lib", ".\LINQPad-Interactive.Convert.Lib\LINQPad-Interactive.Convert.Lib.csproj", "{4A1C0D10-6D0D-435F-BA42-765C6AB6388A}"
EndProject
Project("{FAE04EC0-301F-11D3-BF4B-00C04F79EFBC}") = "LinqPadInteractiveConvert.Tests", ".\LinqPadInteractiveConvert.Tests\LinqPadInteractiveConvert.Tests.csproj", "{E745EA72-D25C-422C-8BB4-E40F9068A7D3}"
EndProject
Global
	GlobalSection(SolutionConfigurationPlatforms) = preSolution
		Debug|Any CPU = Debug|Any CPU
		Release|Any CPU = Release|Any CPU
	EndGlobalSection
	GlobalSection(ProjectConfigurationPlatforms) = postSolution
		{4A1C0D10-6D0D-435F-BA42-765C6AB6388A}.Debug|Any CPU.ActiveCfg = Debug|Any CPU
		{4A1C0D10-6D0D-435F-BA42-765C6AB6388A}.Debug|Any CPU.Build.0 = Debug|Any CPU
		{4A1C0D10-6D0D-435F-BA42-765C6AB6388A}.Release|Any CPU.ActiveCfg = Release|Any CPU
		{4A1C0D10-6D0D-435F-BA42-765C6AB6388A}.Release|Any CPU.Build.0 = Release|Any CPU
		{E745EA72-D25C-422C-8BB4-E40F9068A7D3}.Debug|Any CPU.ActiveCfg = Debug|Any CPU
		{E745EA72-D25C-422C-8BB4-E40F9068A7D3}.Debug|Any CPU.Build.0 = Debug|Any CPU
		{E745EA72-D25C-422C-8BB4-E40F9068A7D3}.Release|Any CPU.ActiveCfg = Release|Any CPU
		{E745EA72-D25C-422C-8BB4-E40F9068A7D3}.Release|Any CPU.Build.0 = Release|Any CPU
	EndGlobalSection
	GlobalSection(SolutionProperties) = preSolution
		HideSolutionNode = FALSE
	EndGlobalSection
	GlobalSection(ExtensibilityGlobals) = postSolution
		SolutionGuid = {D3D3C3AE-E315-42DA-BA85-2A4BEF4C2F9F}
	EndGlobalSection
EndGlobal
